
Microsoft Visual Studio Solution File, Format Version 12.00
# Visual Studio Version 16
VisualStudioVersion = 16.0.31410.357
MinimumVisualStudioVersion = 10.0.40219.1
Project("{FAE04EC0-301F-11D3-BF4B-00C04F79EFBC}") = "Proyecto2021", "Proyecto2021\Proyecto2021.csproj", "{72655B23-A24E-432E-9A07-CF1C9362A33A}"
EndProject
Global
	GlobalSection(SolutionConfigurationPlatforms) = preSolution
		Debug|Any CPU = Debug|Any CPU
		Release|Any CPU = Release|Any CPU
	EndGlobalSection
	GlobalSection(ProjectConfigurationPlatforms) = postSolution
		{72655B23-A24E-432E-9A07-CF1C9362A33A}.Debug|Any CPU.ActiveCfg = Debug|Any CPU
		{72655B23-A24E-432E-9A07-CF1C9362A33A}.Debug|Any CPU.Build.0 = Debug|Any CPU
		{72655B23-A24E-432E-9A07-CF1C9362A33A}.Release|Any CPU.ActiveCfg = Release|Any CPU
		{72655B23-A24E-432E-9A07-CF1C9362A33A}.Release|Any CPU.Build.0 = Release|Any CPU
	EndGlobalSection
	GlobalSection(SolutionProperties) = preSolution
		HideSolutionNode = FALSE
	EndGlobalSection
	GlobalSection(ExtensibilityGlobals) = postSolution
		SolutionGuid = {A6CF5CC8-7803-4470-8118-50A2C4BA236A}
	EndGlobalSection
EndGlobal
